
Microsoft Visual Studio Solution File, Format Version 12.00
# Visual Studio Version 17
VisualStudioVersion = 17.5.33424.131
MinimumVisualStudioVersion = 10.0.40219.1
Project("{FAE04EC0-301F-11D3-BF4B-00C04F79EFBC}") = "Kodluyoruz-Telefon-Rehberi-Proje1", "Kodluyoruz-Telefon-Rehberi-Proje1\Kodluyoruz-Telefon-Rehberi-Proje1.csproj", "{DAF82500-EED3-4473-8A30-4B688C2FDE1E}"
EndProject
Global
	GlobalSection(SolutionConfigurationPlatforms) = preSolution
		Debug|Any CPU = Debug|Any CPU
		Release|Any CPU = Release|Any CPU
	EndGlobalSection
	GlobalSection(ProjectConfigurationPlatforms) = postSolution
		{DAF82500-EED3-4473-8A30-4B688C2FDE1E}.Debug|Any CPU.ActiveCfg = Debug|Any CPU
		{DAF82500-EED3-4473-8A30-4B688C2FDE1E}.Debug|Any CPU.Build.0 = Debug|Any CPU
		{DAF82500-EED3-4473-8A30-4B688C2FDE1E}.Release|Any CPU.ActiveCfg = Release|Any CPU
		{DAF82500-EED3-4473-8A30-4B688C2FDE1E}.Release|Any CPU.Build.0 = Release|Any CPU
	EndGlobalSection
	GlobalSection(SolutionProperties) = preSolution
		HideSolutionNode = FALSE
	EndGlobalSection
	GlobalSection(ExtensibilityGlobals) = postSolution
		SolutionGuid = {6277E6FC-C753-401B-A618-BC6168431610}
	EndGlobalSection
EndGlobal
